
Microsoft Visual Studio Solution File, Format Version 12.00
# Visual Studio Version 17
VisualStudioVersion = 17.0.31903.59
MinimumVisualStudioVersion = 10.0.40219.1
Project("{2150E333-8FDC-42A3-9474-1A3956D46DE8}") = "src", "src", "{827E0CD3-B72D-47B6-A68D-7590B98EB39B}"
EndProject
Project("{FAE04EC0-301F-11D3-BF4B-00C04F79EFBC}") = "GestionOpe.Domain", "src\GestionOpe.Domain\GestionOpe.Domain.csproj", "{870348C4-B13B-4A15-8E32-679264A229E0}"
EndProject
Project("{FAE04EC0-301F-11D3-BF4B-00C04F79EFBC}") = "GestionOpe.Application", "src\GestionOpe.Application\GestionOpe.Application.csproj", "{28F04BA9-00F8-4AE2-A002-4225F574946C}"
EndProject
Project("{FAE04EC0-301F-11D3-BF4B-00C04F79EFBC}") = "GestionOpe.Infrastructure", "src\GestionOpe.Infrastructure\GestionOpe.Infrastructure.csproj", "{F7C51E3C-40DA-4531-89F2-E5B8FB5BCAED}"
EndProject
Project("{FAE04EC0-301F-11D3-BF4B-00C04F79EFBC}") = "GestionOpe.Api", "src\GestionOpe.Api\GestionOpe.Api.csproj", "{8A7C0432-4088-4C4D-A8FC-E45467B01F3A}"
EndProject
Project("{2150E333-8FDC-42A3-9474-1A3956D46DE8}") = "tests", "tests", "{0AB3BF05-4346-4AA6-1389-037BE0695223}"
EndProject
Project("{FAE04EC0-301F-11D3-BF4B-00C04F79EFBC}") = "GestionOpe.UnitTests", "tests\GestionOpe.UnitTests\GestionOpe.UnitTests.csproj", "{B62D9A32-7FDE-4BA0-B99E-6BF71D67AEEA}"
EndProject
Project("{FAE04EC0-301F-11D3-BF4B-00C04F79EFBC}") = "GestionOpe.IntegrationTests", "tests\GestionOpe.IntegrationTests\GestionOpe.IntegrationTests.csproj", "{381AFA36-E658-45FE-A2AB-E8D611D602A6}"
EndProject
Global
	GlobalSection(SolutionConfigurationPlatforms) = preSolution
		Debug|Any CPU = Debug|Any CPU
		Debug|x64 = Debug|x64
		Debug|x86 = Debug|x86
		Release|Any CPU = Release|Any CPU
		Release|x64 = Release|x64
		Release|x86 = Release|x86
	EndGlobalSection
	GlobalSection(ProjectConfigurationPlatforms) = postSolution
		{870348C4-B13B-4A15-8E32-679264A229E0}.Debug|Any CPU.ActiveCfg = Debug|Any CPU
		{870348C4-B13B-4A15-8E32-679264A229E0}.Debug|Any CPU.Build.0 = Debug|Any CPU
		{870348C4-B13B-4A15-8E32-679264A229E0}.Debug|x64.ActiveCfg = Debug|Any CPU
		{870348C4-B13B-4A15-8E32-679264A229E0}.Debug|x64.Build.0 = Debug|Any CPU
		{870348C4-B13B-4A15-8E32-679264A229E0}.Debug|x86.ActiveCfg = Debug|Any CPU
		{870348C4-B13B-4A15-8E32-679264A229E0}.Debug|x86.Build.0 = Debug|Any CPU
		{870348C4-B13B-4A15-8E32-679264A229E0}.Release|Any CPU.ActiveCfg = Release|Any CPU
		{870348C4-B13B-4A15-8E32-679264A229E0}.Release|Any CPU.Build.0 = Release|Any CPU
		{870348C4-B13B-4A15-8E32-679264A229E0}.Release|x64.ActiveCfg = Release|Any CPU
		{870348C4-B13B-4A15-8E32-679264A229E0}.Release|x64.Build.0 = Release|Any CPU
		{870348C4-B13B-4A15-8E32-679264A229E0}.Release|x86.ActiveCfg = Release|Any CPU
		{870348C4-B13B-4A15-8E32-679264A229E0}.Release|x86.Build.0 = Release|Any CPU
		{28F04BA9-00F8-4AE2-A002-4225F574946C}.Debug|Any CPU.ActiveCfg = Debug|Any CPU
		{28F04BA9-00F8-4AE2-A002-4225F574946C}.Debug|Any CPU.Build.0 = Debug|Any CPU
		{28F04BA9-00F8-4AE2-A002-4225F574946C}.Debug|x64.ActiveCfg = Debug|Any CPU
		{28F04BA9-00F8-4AE2-A002-4225F574946C}.Debug|x64.Build.0 = Debug|Any CPU
		{28F04BA9-00F8-4AE2-A002-4225F574946C}.Debug|x86.ActiveCfg = Debug|Any CPU
		{28F04BA9-00F8-4AE2-A002-4225F574946C}.Debug|x86.Build.0 = Debug|Any CPU
		{28F04BA9-00F8-4AE2-A002-4225F574946C}.Release|Any CPU.ActiveCfg = Release|Any CPU
		{28F04BA9-00F8-4AE2-A002-4225F574946C}.Release|Any CPU.Build.0 = Release|Any CPU
		{28F04BA9-00F8-4AE2-A002-4225F574946C}.Release|x64.ActiveCfg = Release|Any CPU
		{28F04BA9-00F8-4AE2-A002-4225F574946C}.Release|x64.Build.0 = Release|Any CPU
		{28F04BA9-00F8-4AE2-A002-4225F574946C}.Release|x86.ActiveCfg = Release|Any CPU
		{28F04BA9-00F8-4AE2-A002-4225F574946C}.Release|x86.Build.0 = Release|Any CPU
		{F7C51E3C-40DA-4531-89F2-E5B8FB5BCAED}.Debug|Any CPU.ActiveCfg = Debug|Any CPU
		{F7C51E3C-40DA-4531-89F2-E5B8FB5BCAED}.Debug|Any CPU.Build.0 = Debug|Any CPU
		{F7C51E3C-40DA-4531-89F2-E5B8FB5BCAED}.Debug|x64.ActiveCfg = Debug|Any CPU
		{F7C51E3C-40DA-4531-89F2-E5B8FB5BCAED}.Debug|x64.Build.0 = Debug|Any CPU
		{F7C51E3C-40DA-4531-89F2-E5B8FB5BCAED}.Debug|x86.ActiveCfg = Debug|Any CPU
		{F7C51E3C-40DA-4531-89F2-E5B8FB5BCAED}.Debug|x86.Build.0 = Debug|Any CPU
		{F7C51E3C-40DA-4531-89F2-E5B8FB5BCAED}.Release|Any CPU.ActiveCfg = Release|Any CPU
		{F7C51E3C-40DA-4531-89F2-E5B8FB5BCAED}.Release|Any CPU.Build.0 = Release|Any CPU
		{F7C51E3C-40DA-4531-89F2-E5B8FB5BCAED}.Release|x64.ActiveCfg = Release|Any CPU
		{F7C51E3C-40DA-4531-89F2-E5B8FB5BCAED}.Release|x64.Build.0 = Release|Any CPU
		{F7C51E3C-40DA-4531-89F2-E5B8FB5BCAED}.Release|x86.ActiveCfg = Release|Any CPU
		{F7C51E3C-40DA-4531-89F2-E5B8FB5BCAED}.Release|x86.Build.0 = Release|Any CPU
		{8A7C0432-4088-4C4D-A8FC-E45467B01F3A}.Debug|Any CPU.ActiveCfg = Debug|Any CPU
		{8A7C0432-4088-4C4D-A8FC-E45467B01F3A}.Debug|Any CPU.Build.0 = Debug|Any CPU
		{8A7C0432-4088-4C4D-A8FC-E45467B01F3A}.Debug|x64.ActiveCfg = Debug|Any CPU
		{8A7C0432-4088-4C4D-A8FC-E45467B01F3A}.Debug|x64.Build.0 = Debug|Any CPU
		{8A7C0432-4088-4C4D-A8FC-E45467B01F3A}.Debug|x86.ActiveCfg = Debug|Any CPU
		{8A7C0432-4088-4C4D-A8FC-E45467B01F3A}.Debug|x86.Build.0 = Debug|Any CPU
		{8A7C0432-4088-4C4D-A8FC-E45467B01F3A}.Release|Any CPU.ActiveCfg = Release|Any CPU
		{8A7C0432-4088-4C4D-A8FC-E45467B01F3A}.Release|Any CPU.Build.0 = Release|Any CPU
		{8A7C0432-4088-4C4D-A8FC-E45467B01F3A}.Release|x64.ActiveCfg = Release|Any CPU
		{8A7C0432-4088-4C4D-A8FC-E45467B01F3A}.Release|x64.Build.0 = Release|Any CPU
		{8A7C0432-4088-4C4D-A8FC-E45467B01F3A}.Release|x86.ActiveCfg = Release|Any CPU
		{8A7C0432-4088-4C4D-A8FC-E45467B01F3A}.Release|x86.Build.0 = Release|Any CPU
		{B62D9A32-7FDE-4BA0-B99E-6BF71D67AEEA}.Debug|Any CPU.ActiveCfg = Debug|Any CPU
		{B62D9A32-7FDE-4BA0-B99E-6BF71D67AEEA}.Debug|Any CPU.Build.0 = Debug|Any CPU
		{B62D9A32-7FDE-4BA0-B99E-6BF71D67AEEA}.Debug|x64.ActiveCfg = Debug|Any CPU
		{B62D9A32-7FDE-4BA0-B99E-6BF71D67AEEA}.Debug|x64.Build.0 = Debug|Any CPU
		{B62D9A32-7FDE-4BA0-B99E-6BF71D67AEEA}.Debug|x86.ActiveCfg = Debug|Any CPU
		{B62D9A32-7FDE-4BA0-B99E-6BF71D67AEEA}.Debug|x86.Build.0 = Debug|Any CPU
		{B62D9A32-7FDE-4BA0-B99E-6BF71D67AEEA}.Release|Any CPU.ActiveCfg = Release|Any CPU
		{B62D9A32-7FDE-4BA0-B99E-6BF71D67AEEA}.Release|Any CPU.Build.0 = Release|Any CPU
		{B62D9A32-7FDE-4BA0-B99E-6BF71D67AEEA}.Release|x64.ActiveCfg = Release|Any CPU
		{B62D9A32-7FDE-4BA0-B99E-6BF71D67AEEA}.Release|x64.Build.0 = Release|Any CPU
		{B62D9A32-7FDE-4BA0-B99E-6BF71D67AEEA}.Release|x86.ActiveCfg = Release|Any CPU
		{B62D9A32-7FDE-4BA0-B99E-6BF71D67AEEA}.Release|x86.Build.0 = Release|Any CPU
		{381AFA36-E658-45FE-A2AB-E8D611D602A6}.Debug|Any CPU.ActiveCfg = Debug|Any CPU
		{381AFA36-E658-45FE-A2AB-E8D611D602A6}.Debug|Any CPU.Build.0 = Debug|Any CPU
		{381AFA36-E658-45FE-A2AB-E8D611D602A6}.Debug|x64.ActiveCfg = Debug|Any CPU
		{381AFA36-E658-45FE-A2AB-E8D611D602A6}.Debug|x64.Build.0 = Debug|Any CPU
		{381AFA36-E658-45FE-A2AB-E8D611D602A6}.Debug|x86.ActiveCfg = Debug|Any CPU
		{381AFA36-E658-45FE-A2AB-E8D611D602A6}.Debug|x86.Build.0 = Debug|Any CPU
		{381AFA36-E658-45FE-A2AB-E8D611D602A6}.Release|Any CPU.ActiveCfg = Release|Any CPU
		{381AFA36-E658-45FE-A2AB-E8D611D602A6}.Release|Any CPU.Build.0 = Release|Any CPU
		{381AFA36-E658-45FE-A2AB-E8D611D602A6}.Release|x64.ActiveCfg = Release|Any CPU
		{381AFA36-E658-45FE-A2AB-E8D611D602A6}.Release|x64.Build.0 = Release|Any CPU
		{381AFA36-E658-45FE-A2AB-E8D611D602A6}.Release|x86.ActiveCfg = Release|Any CPU
		{381AFA36-E658-45FE-A2AB-E8D611D602A6}.Release|x86.Build.0 = Release|Any CPU
	EndGlobalSection
	GlobalSection(SolutionProperties) = preSolution
		HideSolutionNode = FALSE
	EndGlobalSection
	GlobalSection(NestedProjects) = preSolution
		{870348C4-B13B-4A15-8E32-679264A229E0} = {827E0CD3-B72D-47B6-A68D-7590B98EB39B}
		{28F04BA9-00F8-4AE2-A002-4225F574946C} = {827E0CD3-B72D-47B6-A68D-7590B98EB39B}
		{F7C51E3C-40DA-4531-89F2-E5B8FB5BCAED} = {827E0CD3-B72D-47B6-A68D-7590B98EB39B}
		{8A7C0432-4088-4C4D-A8FC-E45467B01F3A} = {827E0CD3-B72D-47B6-A68D-7590B98EB39B}
		{B62D9A32-7FDE-4BA0-B99E-6BF71D67AEEA} = {0AB3BF05-4346-4AA6-1389-037BE0695223}
		{381AFA36-E658-45FE-A2AB-E8D611D602A6} = {0AB3BF05-4346-4AA6-1389-037BE0695223}
	EndGlobalSection
EndGlobal
